{
    "_meta": {
        "hash": {
            "sha256": "dbe17ef1b8debc18d882ed7a6a136ef1d44fc8bb005824fd4e28b4485d16e78d"
        },
        "pipfile-spec": 6,
        "requires": {
            "python_version": "3.8"
        },
        "sources": [
            {
                "name": "pypi",
                "url": "https://pypi.org/simple",
                "verify_ssl": true
            }
        ]
    },
    "default": {
        "pony": {
            "hashes": [
                "sha256:8a9e7339fe7a5182566c83047dbae8053aa1cf458bff0f21f1ae1b106a210cbb"
            ],
            "index": "pypi",
            "version": "==0.7.13"
        }
    },
    "develop": {
        "prompt-toolkit": {
            "hashes": [
                "sha256:563d1a4140b63ff9dd587bda9557cffb2fe73650205ab6f4383092fb882e7dc8",
                "sha256:df7e9e63aea609b1da3a65641ceaf5bc7d05e0a04de5bd45d05dbeffbabf9e04"
            ],
            "index": "pypi",
            "version": "==3.0.5"
        },
        "wcwidth": {
            "hashes": [
                "sha256:cafe2186b3c009a04067022ce1dcd79cb38d8d65ee4f4791b8888d6599d1bbe1",
                "sha256:ee73862862a156bf77ff92b09034fc4825dd3af9cf81bc5b360668d425f3c5f1"
            ],
            "version": "==0.1.9"
        }
    }
}
